
Microsoft Visual Studio Solution File, Format Version 12.00
# Visual Studio Version 16
VisualStudioVersion = 16.0.29709.97
MinimumVisualStudioVersion = 10.0.40219.1
Project("{9A19103F-16F7-4668-BE54-9A1E7A4F7556}") = "Domain", "Layers\Domain\Domain.csproj", "{4793B14A-FFEE-4E10-A36D-B201DC145DE2}"
EndProject
Project("{9A19103F-16F7-4668-BE54-9A1E7A4F7556}") = "FrameWork", "Layers\FrameWork\FrameWork.csproj", "{2945DFBA-77DE-4A65-8EC3-60133C867D2E}"
EndProject
Project("{9A19103F-16F7-4668-BE54-9A1E7A4F7556}") = "Services", "Layers\Services\Services.csproj", "{CCF8F16A-FF3D-46AF-B0C2-0494FADE58E4}"
EndProject
Project("{9A19103F-16F7-4668-BE54-9A1E7A4F7556}") = "Tests", "Layers\Tests\Tests.csproj", "{7978AE73-055E-43C5-8177-9861048EBCD3}"
EndProject
Global
	GlobalSection(SolutionConfigurationPlatforms) = preSolution
		Debug|Any CPU = Debug|Any CPU
		Release|Any CPU = Release|Any CPU
	EndGlobalSection
	GlobalSection(ProjectConfigurationPlatforms) = postSolution
		{4793B14A-FFEE-4E10-A36D-B201DC145DE2}.Debug|Any CPU.ActiveCfg = Debug|Any CPU
		{4793B14A-FFEE-4E10-A36D-B201DC145DE2}.Debug|Any CPU.Build.0 = Debug|Any CPU
		{4793B14A-FFEE-4E10-A36D-B201DC145DE2}.Release|Any CPU.ActiveCfg = Release|Any CPU
		{4793B14A-FFEE-4E10-A36D-B201DC145DE2}.Release|Any CPU.Build.0 = Release|Any CPU
		{2945DFBA-77DE-4A65-8EC3-60133C867D2E}.Debug|Any CPU.ActiveCfg = Debug|Any CPU
		{2945DFBA-77DE-4A65-8EC3-60133C867D2E}.Debug|Any CPU.Build.0 = Debug|Any CPU
		{2945DFBA-77DE-4A65-8EC3-60133C867D2E}.Release|Any CPU.ActiveCfg = Release|Any CPU
		{2945DFBA-77DE-4A65-8EC3-60133C867D2E}.Release|Any CPU.Build.0 = Release|Any CPU
		{CCF8F16A-FF3D-46AF-B0C2-0494FADE58E4}.Debug|Any CPU.ActiveCfg = Debug|Any CPU
		{CCF8F16A-FF3D-46AF-B0C2-0494FADE58E4}.Debug|Any CPU.Build.0 = Debug|Any CPU
		{CCF8F16A-FF3D-46AF-B0C2-0494FADE58E4}.Release|Any CPU.ActiveCfg = Release|Any CPU
		{CCF8F16A-FF3D-46AF-B0C2-0494FADE58E4}.Release|Any CPU.Build.0 = Release|Any CPU
		{7978AE73-055E-43C5-8177-9861048EBCD3}.Debug|Any CPU.ActiveCfg = Debug|Any CPU
		{7978AE73-055E-43C5-8177-9861048EBCD3}.Debug|Any CPU.Build.0 = Debug|Any CPU
		{7978AE73-055E-43C5-8177-9861048EBCD3}.Release|Any CPU.ActiveCfg = Release|Any CPU
		{7978AE73-055E-43C5-8177-9861048EBCD3}.Release|Any CPU.Build.0 = Release|Any CPU
	EndGlobalSection
	GlobalSection(SolutionProperties) = preSolution
		HideSolutionNode = FALSE
	EndGlobalSection
	GlobalSection(ExtensibilityGlobals) = postSolution
		SolutionGuid = {23078145-2C72-49FF-AFE3-2DE9AB4D78A7}
	EndGlobalSection
EndGlobal
